{
  "name": "llama",
  "version": "0.0.0",
  "lockfileVersion": 1,
  "requires": true,
  "dependencies": {
    "@fimbul/bifrost": {
      "version": "0.11.0",
      "resolved": "https://registry.npmjs.org/@fimbul/bifrost/-/bifrost-0.11.0.tgz",
      "integrity": "sha512-GspMaQafpaUoXWWOUgNLQ4vsV52tIHUt0zpKPeJUYEyMvOSp7FIcZ1eQa7SK3GTusrEiksjMrDX/fwanigC3nQ==",
      "dev": true,
      "requires": {
        "@fimbul/ymir": "^0.11.0",
        "get-caller-file": "^1.0.2",
        "tslib": "^1.8.1",
        "tsutils": "^2.24.0"
      }
    },
    "@fimbul/ymir": {
      "version": "0.11.0",
      "resolved": "https://registry.npmjs.org/@fimbul/ymir/-/ymir-0.11.0.tgz",
      "integrity": "sha512-aIYQMCWbBXe7DIofgu+4DLCPDCfqbKhPjBg4ajskJdq6CAJgySz6KyhGLNnKiDYZMF93ZsaEB/y3SafyMi98Mg==",
      "dev": true,
      "requires": {
        "inversify": "^4.10.0",
        "reflect-metadata": "^0.1.12",
        "tslib": "^1.8.1"
      }
    },
    "doctrine": {
      "version": "0.7.2",
      "resolved": "https://registry.npmjs.org/doctrine/-/doctrine-0.7.2.tgz",
      "integrity": "sha1-fLhgNZujvpDgQLJrcpzkv6ZUxSM=",
      "dev": true,
      "requires": {
        "esutils": "^1.1.6",
        "isarray": "0.0.1"
      }
    },
    "esutils": {
      "version": "1.1.6",
      "resolved": "https://registry.npmjs.org/esutils/-/esutils-1.1.6.tgz",
      "integrity": "sha1-wBzKqa5LiXxtDD4hCuUvPHqEQ3U=",
      "dev": true
    },
    "get-caller-file": {
      "version": "1.0.3",
      "resolved": "https://registry.npmjs.org/get-caller-file/-/get-caller-file-1.0.3.tgz",
      "integrity": "sha512-3t6rVToeoZfYSGd8YoLFR2DJkiQrIiUrGcjvFX2mDw3bn6k2OtwHN0TNCLbBO+w8qTvimhDkv+LSscbJY1vE6w==",
      "dev": true
    },
    "inversify": {
      "version": "4.13.0",
      "resolved": "https://registry.npmjs.org/inversify/-/inversify-4.13.0.tgz",
      "integrity": "sha512-O5d8y7gKtyRwrvTLZzYET3kdFjqUy58sGpBYMARF13mzqDobpfBXVOPLH7HmnD2VR6Q+1HzZtslGvsdQfeb0SA==",
      "dev": true
    },
    "isarray": {
      "version": "0.0.1",
      "resolved": "https://registry.npmjs.org/isarray/-/isarray-0.0.1.tgz",
      "integrity": "sha1-ihis/Kmo9Bd+Cav8YDiTmwXR7t8=",
      "dev": true
    },
    "reflect-metadata": {
      "version": "0.1.12",
      "resolved": "https://registry.npmjs.org/reflect-metadata/-/reflect-metadata-0.1.12.tgz",
      "integrity": "sha512-n+IyV+nGz3+0q3/Yf1ra12KpCyi001bi4XFxSjbiWWjfqb52iTTtpGXmCCAOWWIAn9KEuFZKGqBERHmrtScZ3A==",
      "dev": true
    },
    "tslib": {
      "version": "1.9.3",
      "resolved": "https://registry.npmjs.org/tslib/-/tslib-1.9.3.tgz",
      "integrity": "sha512-4krF8scpejhaOgqzBEcGM7yDIEfi0/8+8zDRZhNZZ2kjmHJ4hv3zCbQWxoJGz1iw5U0Jl0nma13xzHXcncMavQ==",
      "dev": true
    },
    "tslint-config-airbnb": {
      "version": "5.10.0",
      "resolved": "https://registry.npmjs.org/tslint-config-airbnb/-/tslint-config-airbnb-5.10.0.tgz",
      "integrity": "sha512-66CeYrF+8cHc5HdwOeYYYV7hNauyWKyKJRdPaXRW5hB4m2ofcxDQbuEbhw7TC4sPhar/6BbE/TtrJp58NeI+ag==",
      "dev": true,
      "requires": {
        "tslint-consistent-codestyle": "^1.13.3",
        "tslint-eslint-rules": "^5.4.0",
        "tslint-microsoft-contrib": "~5.2.0"
      }
    },
    "tslint-consistent-codestyle": {
      "version": "1.13.3",
      "resolved": "https://registry.npmjs.org/tslint-consistent-codestyle/-/tslint-consistent-codestyle-1.13.3.tgz",
      "integrity": "sha512-+ocXSNGHqUCUyTJsPhS7xqcC3qf6FyP4vd1jEaXaWaJ5NNN36gKZhqNt3nAWH/YgSV0tYaapjSWMbJQJmn/5MQ==",
      "dev": true,
      "requires": {
        "@fimbul/bifrost": "^0.11.0",
        "tslib": "^1.7.1",
        "tsutils": "^2.27.0"
      }
    },
    "tslint-eslint-rules": {
      "version": "5.4.0",
      "resolved": "https://registry.npmjs.org/tslint-eslint-rules/-/tslint-eslint-rules-5.4.0.tgz",
      "integrity": "sha512-WlSXE+J2vY/VPgIcqQuijMQiel+UtmXS+4nvK4ZzlDiqBfXse8FAvkNnTcYhnQyOTW5KFM+uRRGXxYhFpuBc6w==",
      "dev": true,
      "requires": {
        "doctrine": "0.7.2",
        "tslib": "1.9.0",
        "tsutils": "^3.0.0"
      },
      "dependencies": {
        "tslib": {
          "version": "1.9.0",
          "resolved": "https://registry.npmjs.org/tslib/-/tslib-1.9.0.tgz",
          "integrity": "sha512-f/qGG2tUkrISBlQZEjEqoZ3B2+npJjIf04H1wuAv9iA8i04Icp+61KRXxFdha22670NJopsZCIjhC3SnjPRKrQ==",
          "dev": true
        },
        "tsutils": {
          "version": "3.0.0",
          "resolved": "https://registry.npmjs.org/tsutils/-/tsutils-3.0.0.tgz",
          "integrity": "sha512-LjHBWR0vWAUHWdIAoTjoqi56Kz+FDKBgVEuL+gVPG/Pv7QW5IdaDDeK9Txlr6U0Cmckp5EgCIq1T25qe3J6hyw==",
          "dev": true,
          "requires": {
            "tslib": "^1.8.1"
          }
        }
      }
    },
    "tslint-microsoft-contrib": {
      "version": "5.2.1",
      "resolved": "https://registry.npmjs.org/tslint-microsoft-contrib/-/tslint-microsoft-contrib-5.2.1.tgz",
      "integrity": "sha512-PDYjvpo0gN9IfMULwKk0KpVOPMhU6cNoT9VwCOLeDl/QS8v8W2yspRpFFuUS7/c5EIH/n8ApMi8TxJAz1tfFUA==",
      "dev": true,
      "requires": {
        "tsutils": "^2.27.2 <2.29.0"
      },
      "dependencies": {
        "tsutils": {
          "version": "2.28.0",
          "resolved": "https://registry.npmjs.org/tsutils/-/tsutils-2.28.0.tgz",
          "integrity": "sha512-bh5nAtW0tuhvOJnx1GLRn5ScraRLICGyJV5wJhtRWOLsxW70Kk5tZtpK3O/hW6LDnqKS9mlUMPZj9fEMJ0gxqA==",
          "dev": true,
          "requires": {
            "tslib": "^1.8.1"
          }
        }
      }
    },
    "tsutils": {
      "version": "2.29.0",
      "resolved": "https://registry.npmjs.org/tsutils/-/tsutils-2.29.0.tgz",
      "integrity": "sha512-g5JVHCIJwzfISaXpXE1qvNalca5Jwob6FjI4AoPlqMusJ6ftFE7IkkFoMhVLRgK+4Kx3gkzb8UZK5t5yTTvEmA==",
      "dev": true,
      "requires": {
        "tslib": "^1.8.1"
      }
    }
  }
}
